
Microsoft Visual Studio Solution File, Format Version 12.00
# Visual Studio Version 17
VisualStudioVersion = 17.2.32616.157
MinimumVisualStudioVersion = 10.0.40219.1
Project("{FAE04EC0-301F-11D3-BF4B-00C04F79EFBC}") = "AgendaContatos.Mvc", "AgendaContatos.Mvc\AgendaContatos.Mvc.csproj", "{3206F286-7AF3-4CA2-9EAF-202453CC6AE7}"
EndProject
Global
	GlobalSection(SolutionConfigurationPlatforms) = preSolution
		Debug|Any CPU = Debug|Any CPU
		Release|Any CPU = Release|Any CPU
	EndGlobalSection
	GlobalSection(ProjectConfigurationPlatforms) = postSolution
		{3206F286-7AF3-4CA2-9EAF-202453CC6AE7}.Debug|Any CPU.ActiveCfg = Debug|Any CPU
		{3206F286-7AF3-4CA2-9EAF-202453CC6AE7}.Debug|Any CPU.Build.0 = Debug|Any CPU
		{3206F286-7AF3-4CA2-9EAF-202453CC6AE7}.Release|Any CPU.ActiveCfg = Release|Any CPU
		{3206F286-7AF3-4CA2-9EAF-202453CC6AE7}.Release|Any CPU.Build.0 = Release|Any CPU
	EndGlobalSection
	GlobalSection(SolutionProperties) = preSolution
		HideSolutionNode = FALSE
	EndGlobalSection
	GlobalSection(ExtensibilityGlobals) = postSolution
		SolutionGuid = {D0CA8202-AA59-4175-8033-A29A39CC602D}
	EndGlobalSection
EndGlobal
